
Microsoft Visual Studio Solution File, Format Version 12.00
# Visual Studio Version 17
VisualStudioVersion = 17.9.34701.34
MinimumVisualStudioVersion = 10.0.40219.1
Project("{9A19103F-16F7-4668-BE54-9A1E7A4F7556}") = "Exercise1", "Exercise1\Exercise1.csproj", "{71C465E0-E43E-4F4C-ABD7-3D8FEC56CA2F}"
EndProject
Project("{FAE04EC0-301F-11D3-BF4B-00C04F79EFBC}") = "Exercise2", "Exercise2\Exercise2.csproj", "{4926715D-AFD9-45F0-A0BC-8114FA9DD781}"
EndProject
Global
	GlobalSection(SolutionConfigurationPlatforms) = preSolution
		Debug|Any CPU = Debug|Any CPU
		Release|Any CPU = Release|Any CPU
	EndGlobalSection
	GlobalSection(ProjectConfigurationPlatforms) = postSolution
		{71C465E0-E43E-4F4C-ABD7-3D8FEC56CA2F}.Debug|Any CPU.ActiveCfg = Debug|Any CPU
		{71C465E0-E43E-4F4C-ABD7-3D8FEC56CA2F}.Debug|Any CPU.Build.0 = Debug|Any CPU
		{71C465E0-E43E-4F4C-ABD7-3D8FEC56CA2F}.Release|Any CPU.ActiveCfg = Release|Any CPU
		{71C465E0-E43E-4F4C-ABD7-3D8FEC56CA2F}.Release|Any CPU.Build.0 = Release|Any CPU
		{4926715D-AFD9-45F0-A0BC-8114FA9DD781}.Debug|Any CPU.ActiveCfg = Debug|Any CPU
		{4926715D-AFD9-45F0-A0BC-8114FA9DD781}.Debug|Any CPU.Build.0 = Debug|Any CPU
		{4926715D-AFD9-45F0-A0BC-8114FA9DD781}.Release|Any CPU.ActiveCfg = Release|Any CPU
		{4926715D-AFD9-45F0-A0BC-8114FA9DD781}.Release|Any CPU.Build.0 = Release|Any CPU
	EndGlobalSection
	GlobalSection(SolutionProperties) = preSolution
		HideSolutionNode = FALSE
	EndGlobalSection
	GlobalSection(ExtensibilityGlobals) = postSolution
		SolutionGuid = {2C4A632F-102C-4A43-934F-7D20D3181F43}
	EndGlobalSection
EndGlobal
